// !$*UTF8*$!
{
	archiveVersion = 1;
	classes = {
	};
	objectVersion = 46;
	objects = {

/* Begin PBXBuildFile section */
		3464433F7D563613366010BC /* DVTShowcaseUITests.swift in Sources */ = {isa = PBXBuildFile; fileRef = 34644CFA9AC6F8453224C05E /* DVTShowcaseUITests.swift */; };
		3464448E8F8AC41D78838095 /* Main.storyboard in Resources */ = {isa = PBXBuildFile; fileRef = 3464429DE5A3C791835A476C /* Main.storyboard */; };
		3464468934A8B041FABD76D0 /* Info.plist in Resources */ = {isa = PBXBuildFile; fileRef = 346443D1E9FBD8FCC1EFBF36 /* Info.plist */; };
		3464475677FFE33378AD3B08 /* LaunchScreen.storyboard in Resources */ = {isa = PBXBuildFile; fileRef = 3464401EC39CE2524291565E /* LaunchScreen.storyboard */; };
		34644A8D9CFF624DF7DA8791 /* AppDelegate.swift in Sources */ = {isa = PBXBuildFile; fileRef = 346448D8C230FF0F249D08DC /* AppDelegate.swift */; };
		34644AF28C7A0CC8EF06FBF4 /* Info.plist in Resources */ = {isa = PBXBuildFile; fileRef = 34644285A0E09742469F17F7 /* Info.plist */; };
		34644BB2A27ED4BF49C3E409 /* DVTShowcaseTests.swift in Sources */ = {isa = PBXBuildFile; fileRef = 34644E3DA4A9D62DDC296632 /* DVTShowcaseTests.swift */; };
		34644C9DC32D875C16C31450 /* Info.plist in Resources */ = {isa = PBXBuildFile; fileRef = 34644F94FD5A595E4D55BC50 /* Info.plist */; };
		34644E7CB40618446ECCC134 /* Assets.xcassets in Resources */ = {isa = PBXBuildFile; fileRef = 34644B979FD65E7DBC79A7E8 /* Assets.xcassets */; };
		A01CFFD9CB8EC65713B2CED3 /* Pods_DVTShowcase.framework in Frameworks */ = {isa = PBXBuildFile; fileRef = 1C43347DBDF0BE5D4645B602 /* Pods_DVTShowcase.framework */; };
		D61E92901F71282500B60518 /* GoogleService-Info.plist in Resources */ = {isa = PBXBuildFile; fileRef = D61E928F1F71282500B60518 /* GoogleService-Info.plist */; };
		D61E92941F7129D200B60518 /* FirebaseAPI.swift in Sources */ = {isa = PBXBuildFile; fileRef = D61E92931F7129D200B60518 /* FirebaseAPI.swift */; };
		D61E92961F71415300B60518 /* DVTShowcaseTabController.swift in Sources */ = {isa = PBXBuildFile; fileRef = D61E92951F71415300B60518 /* DVTShowcaseTabController.swift */; };
		D61E929C1F71441400B60518 /* HomeViewController.swift in Sources */ = {isa = PBXBuildFile; fileRef = D61E929B1F71441400B60518 /* HomeViewController.swift */; };
		D61E929E1F71442300B60518 /* AboutViewController.swift in Sources */ = {isa = PBXBuildFile; fileRef = D61E929D1F71442300B60518 /* AboutViewController.swift */; };
		D61E92A01F71443100B60518 /* ContactViewController.swift in Sources */ = {isa = PBXBuildFile; fileRef = D61E929F1F71443100B60518 /* ContactViewController.swift */; };
		D64395701F755D410085F3F3 /* CMMapLauncher.m in Sources */ = {isa = PBXBuildFile; fileRef = D643956F1F755D410085F3F3 /* CMMapLauncher.m */; };
		D64395781F7A52BA0085F3F3 /* AboutTableViewCell.swift in Sources */ = {isa = PBXBuildFile; fileRef = D64395761F7A52BA0085F3F3 /* AboutTableViewCell.swift */; };
		D64395791F7A52BA0085F3F3 /* AboutTableViewCell.xib in Resources */ = {isa = PBXBuildFile; fileRef = D64395771F7A52BA0085F3F3 /* AboutTableViewCell.xib */; };
		D643957B1F7A5A160085F3F3 /* AboutView.swift in Sources */ = {isa = PBXBuildFile; fileRef = D643957A1F7A5A160085F3F3 /* AboutView.swift */; };
		D643957D1F7A5A200085F3F3 /* AboutView.xib in Resources */ = {isa = PBXBuildFile; fileRef = D643957C1F7A5A200085F3F3 /* AboutView.xib */; };
		D64C4E871F728DE500C90F51 /* DVTApp.swift in Sources */ = {isa = PBXBuildFile; fileRef = D64C4E861F728DE500C90F51 /* DVTApp.swift */; };
		D64C4E8B1F72A42000C90F51 /* ShowcaseAppTableViewCell.swift in Sources */ = {isa = PBXBuildFile; fileRef = D64C4E891F72A42000C90F51 /* ShowcaseAppTableViewCell.swift */; };
		D64C4E8C1F72A42000C90F51 /* ShowcaseAppTableViewCell.xib in Resources */ = {isa = PBXBuildFile; fileRef = D64C4E8A1F72A42000C90F51 /* ShowcaseAppTableViewCell.xib */; };
		D64C4E8F1F753CBA00C90F51 /* ContactTableViewCell.swift in Sources */ = {isa = PBXBuildFile; fileRef = D64C4E8D1F753CBA00C90F51 /* ContactTableViewCell.swift */; };
		D64C4E901F753CBA00C90F51 /* ContactTableViewCell.xib in Resources */ = {isa = PBXBuildFile; fileRef = D64C4E8E1F753CBA00C90F51 /* ContactTableViewCell.xib */; };
		D67FFF9D1F6FD2710063449C /* DVTShowcaseViewController.swift in Sources */ = {isa = PBXBuildFile; fileRef = D67FFF9C1F6FD2710063449C /* DVTShowcaseViewController.swift */; };
		D67FFFA01F6FD2B00063449C /* LoginViewController.swift in Sources */ = {isa = PBXBuildFile; fileRef = D67FFF9F1F6FD2B00063449C /* LoginViewController.swift */; };
		D6A629F31F6FF7590070994C /* DVTShowcaseColor.swift in Sources */ = {isa = PBXBuildFile; fileRef = D6A629F21F6FF7580070994C /* DVTShowcaseColor.swift */; };
/* End PBXBuildFile section */

/* Begin PBXContainerItemProxy section */
		346443A398DCD45CC9A118E0 /* PBXContainerItemProxy */ = {
			isa = PBXContainerItemProxy;
			containerPortal = 34644FA7220F4EFAF722A0C8 /* Project object */;
			proxyType = 1;
			remoteGlobalIDString = 34644CE70F41E68F10323185;
			remoteInfo = DVTShowcase;
		};
		3464496833CB9542A5BA2F13 /* PBXContainerItemProxy */ = {
			isa = PBXContainerItemProxy;
			containerPortal = 34644FA7220F4EFAF722A0C8 /* Project object */;
			proxyType = 1;
			remoteGlobalIDString = 34644CE70F41E68F10323185;
			remoteInfo = DVTShowcase;
		};
/* End PBXContainerItemProxy section */

/* Begin PBXFileReference section */
		1C43347DBDF0BE5D4645B602 /* Pods_DVTShowcase.framework */ = {isa = PBXFileReference; explicitFileType = wrapper.framework; includeInIndex = 0; path = Pods_DVTShowcase.framework; sourceTree = BUILT_PRODUCTS_DIR; };
		2E2E4355EF3CACFCEFCC453D /* Pods-DVTShowcase.release.xcconfig */ = {isa = PBXFileReference; includeInIndex = 1; lastKnownFileType = text.xcconfig; name = "Pods-DVTShowcase.release.xcconfig"; path = "Pods/Target Support Files/Pods-DVTShowcase/Pods-DVTShowcase.release.xcconfig"; sourceTree = "<group>"; };
		3464413E10AAE7FE7C727D27 /* DVTShowcaseUITests.xctest */ = {isa = PBXFileReference; explicitFileType = wrapper.cfbundle; includeInIndex = 0; path = DVTShowcaseUITests.xctest; sourceTree = BUILT_PRODUCTS_DIR; };
		34644285A0E09742469F17F7 /* Info.plist */ = {isa = PBXFileReference; lastKnownFileType = text.plist.info; path = Info.plist; sourceTree = "<group>"; };
		346443BC451C87CE509E5837 /* DVTShowcase.app */ = {isa = PBXFileReference; explicitFileType = wrapper.application; includeInIndex = 0; path = DVTShowcase.app; sourceTree = BUILT_PRODUCTS_DIR; };
		346443D1E9FBD8FCC1EFBF36 /* Info.plist */ = {isa = PBXFileReference; lastKnownFileType = text.plist.xml; name = Info.plist; path = DVTShowcase/Info.plist; sourceTree = "<group>"; };
		346447B262D41C5B7BCB97F3 /* Base */ = {isa = PBXFileReference; lastKnownFileType = file.storyboard; name = Base; path = Base.lproj/Main.storyboard; sourceTree = "<group>"; };
		34644872E9289EFD3F856ED5 /* DVTShowcaseTests.xctest */ = {isa = PBXFileReference; explicitFileType = wrapper.cfbundle; includeInIndex = 0; path = DVTShowcaseTests.xctest; sourceTree = BUILT_PRODUCTS_DIR; };
		346448D8C230FF0F249D08DC /* AppDelegate.swift */ = {isa = PBXFileReference; lastKnownFileType = sourcecode.swift; path = AppDelegate.swift; sourceTree = "<group>"; };
		34644B979FD65E7DBC79A7E8 /* Assets.xcassets */ = {isa = PBXFileReference; lastKnownFileType = folder.assetcatalog; path = Assets.xcassets; sourceTree = "<group>"; };
		34644BCDD3A871F97071A11C /* Base */ = {isa = PBXFileReference; lastKnownFileType = file.storyboard; name = Base; path = Base.lproj/LaunchScreen.storyboard; sourceTree = "<group>"; };
		34644CFA9AC6F8453224C05E /* DVTShowcaseUITests.swift */ = {isa = PBXFileReference; lastKnownFileType = sourcecode.swift; path = DVTShowcaseUITests.swift; sourceTree = "<group>"; };
		34644E3DA4A9D62DDC296632 /* DVTShowcaseTests.swift */ = {isa = PBXFileReference; lastKnownFileType = sourcecode.swift; path = DVTShowcaseTests.swift; sourceTree = "<group>"; };
		34644F94FD5A595E4D55BC50 /* Info.plist */ = {isa = PBXFileReference; lastKnownFileType = text.plist.info; path = Info.plist; sourceTree = "<group>"; };
		5911324683A68C741EEEF336 /* Pods-DVTShowcase.debug.xcconfig */ = {isa = PBXFileReference; includeInIndex = 1; lastKnownFileType = text.xcconfig; name = "Pods-DVTShowcase.debug.xcconfig"; path = "Pods/Target Support Files/Pods-DVTShowcase/Pods-DVTShowcase.debug.xcconfig"; sourceTree = "<group>"; };
		D61E928F1F71282500B60518 /* GoogleService-Info.plist */ = {isa = PBXFileReference; fileEncoding = 4; lastKnownFileType = text.plist.xml; path = "GoogleService-Info.plist"; sourceTree = "<group>"; };
		D61E92931F7129D200B60518 /* FirebaseAPI.swift */ = {isa = PBXFileReference; fileEncoding = 4; lastKnownFileType = sourcecode.swift; path = FirebaseAPI.swift; sourceTree = "<group>"; };
		D61E92951F71415300B60518 /* DVTShowcaseTabController.swift */ = {isa = PBXFileReference; fileEncoding = 4; lastKnownFileType = sourcecode.swift; path = DVTShowcaseTabController.swift; sourceTree = "<group>"; };
		D61E929B1F71441400B60518 /* HomeViewController.swift */ = {isa = PBXFileReference; fileEncoding = 4; lastKnownFileType = sourcecode.swift; path = HomeViewController.swift; sourceTree = "<group>"; };
		D61E929D1F71442300B60518 /* AboutViewController.swift */ = {isa = PBXFileReference; fileEncoding = 4; lastKnownFileType = sourcecode.swift; path = AboutViewController.swift; sourceTree = "<group>"; };
		D61E929F1F71443100B60518 /* ContactViewController.swift */ = {isa = PBXFileReference; fileEncoding = 4; lastKnownFileType = sourcecode.swift; path = ContactViewController.swift; sourceTree = "<group>"; };
		D643956D1F755D400085F3F3 /* DVTShowcase-Bridging-Header.h */ = {isa = PBXFileReference; lastKnownFileType = sourcecode.c.h; path = "DVTShowcase-Bridging-Header.h"; sourceTree = "<group>"; };
		D643956E1F755D410085F3F3 /* CMMapLauncher.h */ = {isa = PBXFileReference; fileEncoding = 4; lastKnownFileType = sourcecode.c.h; path = CMMapLauncher.h; sourceTree = "<group>"; };
		D643956F1F755D410085F3F3 /* CMMapLauncher.m */ = {isa = PBXFileReference; fileEncoding = 4; lastKnownFileType = sourcecode.c.objc; path = CMMapLauncher.m; sourceTree = "<group>"; };
		D64395761F7A52BA0085F3F3 /* AboutTableViewCell.swift */ = {isa = PBXFileReference; fileEncoding = 4; lastKnownFileType = sourcecode.swift; path = AboutTableViewCell.swift; sourceTree = "<group>"; };
		D64395771F7A52BA0085F3F3 /* AboutTableViewCell.xib */ = {isa = PBXFileReference; fileEncoding = 4; lastKnownFileType = file.xib; path = AboutTableViewCell.xib; sourceTree = "<group>"; };
		D643957A1F7A5A160085F3F3 /* AboutView.swift */ = {isa = PBXFileReference; fileEncoding = 4; lastKnownFileType = sourcecode.swift; path = AboutView.swift; sourceTree = "<group>"; };
		D643957C1F7A5A200085F3F3 /* AboutView.xib */ = {isa = PBXFileReference; fileEncoding = 4; lastKnownFileType = file.xib; path = AboutView.xib; sourceTree = "<group>"; };
		D64C4E861F728DE500C90F51 /* DVTApp.swift */ = {isa = PBXFileReference; fileEncoding = 4; lastKnownFileType = sourcecode.swift; path = DVTApp.swift; sourceTree = "<group>"; };
		D64C4E891F72A42000C90F51 /* ShowcaseAppTableViewCell.swift */ = {isa = PBXFileReference; fileEncoding = 4; lastKnownFileType = sourcecode.swift; path = ShowcaseAppTableViewCell.swift; sourceTree = "<group>"; };
		D64C4E8A1F72A42000C90F51 /* ShowcaseAppTableViewCell.xib */ = {isa = PBXFileReference; fileEncoding = 4; lastKnownFileType = file.xib; path = ShowcaseAppTableViewCell.xib; sourceTree = "<group>"; };
		D64C4E8D1F753CBA00C90F51 /* ContactTableViewCell.swift */ = {isa = PBXFileReference; fileEncoding = 4; lastKnownFileType = sourcecode.swift; path = ContactTableViewCell.swift; sourceTree = "<group>"; };
		D64C4E8E1F753CBA00C90F51 /* ContactTableViewCell.xib */ = {isa = PBXFileReference; fileEncoding = 4; lastKnownFileType = file.xib; path = ContactTableViewCell.xib; sourceTree = "<group>"; };
		D67FFF9C1F6FD2710063449C /* DVTShowcaseViewController.swift */ = {isa = PBXFileReference; fileEncoding = 4; lastKnownFileType = sourcecode.swift; path = DVTShowcaseViewController.swift; sourceTree = "<group>"; };
		D67FFF9F1F6FD2B00063449C /* LoginViewController.swift */ = {isa = PBXFileReference; fileEncoding = 4; lastKnownFileType = sourcecode.swift; path = LoginViewController.swift; sourceTree = "<group>"; };
		D6A629F21F6FF7580070994C /* DVTShowcaseColor.swift */ = {isa = PBXFileReference; fileEncoding = 4; lastKnownFileType = sourcecode.swift; path = DVTShowcaseColor.swift; sourceTree = SOURCE_ROOT; };
/* End PBXFileReference section */

/* Begin PBXFrameworksBuildPhase section */
		346442BA3498BC52CA3D3170 /* Frameworks */ = {
			isa = PBXFrameworksBuildPhase;
			buildActionMask = 2147483647;
			files = (
				A01CFFD9CB8EC65713B2CED3 /* Pods_DVTShowcase.framework in Frameworks */,
			);
			runOnlyForDeploymentPostprocessing = 0;
		};
		3464490AC1F5BD12D2F1F25D /* Frameworks */ = {
			isa = PBXFrameworksBuildPhase;
			buildActionMask = 2147483647;
			files = (
			);
			runOnlyForDeploymentPostprocessing = 0;
		};
		34644FB72ADC1775917486D1 /* Frameworks */ = {
			isa = PBXFrameworksBuildPhase;
			buildActionMask = 2147483647;
			files = (
			);
			runOnlyForDeploymentPostprocessing = 0;
		};
/* End PBXFrameworksBuildPhase section */

/* Begin PBXGroup section */
		165FA7D6FC4C344A948C1E31 /* Frameworks */ = {
			isa = PBXGroup;
			children = (
				1C43347DBDF0BE5D4645B602 /* Pods_DVTShowcase.framework */,
			);
			name = Frameworks;
			sourceTree = "<group>";
		};
		346441CF723D96E81470BCCD /* DVTShowcaseTests */ = {
			isa = PBXGroup;
			children = (
				34644F94FD5A595E4D55BC50 /* Info.plist */,
				34644E3DA4A9D62DDC296632 /* DVTShowcaseTests.swift */,
			);
			path = DVTShowcaseTests;
			sourceTree = "<group>";
		};
		346446A70B45E2B7FE7C0921 /* Products */ = {
			isa = PBXGroup;
			children = (
				346443BC451C87CE509E5837 /* DVTShowcase.app */,
				34644872E9289EFD3F856ED5 /* DVTShowcaseTests.xctest */,
				3464413E10AAE7FE7C727D27 /* DVTShowcaseUITests.xctest */,
			);
			name = Products;
			sourceTree = "<group>";
		};
		3464498E7DD1F31C770E8791 /* DVTShowcase */ = {
			isa = PBXGroup;
			children = (
				D64C4E851F728DA200C90F51 /* Model */,
				D61E92A11F71676600B60518 /* Reusable components */,
				D6A629F21F6FF7580070994C /* DVTShowcaseColor.swift */,
				D61E92911F7129B100B60518 /* Services */,
				D67FFF9B1F6FD24D0063449C /* Parent Classes */,
				D67FFF9A1F6FD20A0063449C /* View Controllers */,
				34644B979FD65E7DBC79A7E8 /* Assets.xcassets */,
				3464401EC39CE2524291565E /* LaunchScreen.storyboard */,
				346448D8C230FF0F249D08DC /* AppDelegate.swift */,
				3464429DE5A3C791835A476C /* Main.storyboard */,
			);
			path = DVTShowcase;
			sourceTree = "<group>";
		};
		346449EDC21B0A5D7BAE2D52 /* DVTShowcaseUITests */ = {
			isa = PBXGroup;
			children = (
				34644285A0E09742469F17F7 /* Info.plist */,
				34644CFA9AC6F8453224C05E /* DVTShowcaseUITests.swift */,
			);
			path = DVTShowcaseUITests;
			sourceTree = "<group>";
		};
		34644D8AA62E587FCE36A092 = {
			isa = PBXGroup;
			children = (
				3464498E7DD1F31C770E8791 /* DVTShowcase */,
				346446A70B45E2B7FE7C0921 /* Products */,
				346443D1E9FBD8FCC1EFBF36 /* Info.plist */,
				D61E928F1F71282500B60518 /* GoogleService-Info.plist */,
				346441CF723D96E81470BCCD /* DVTShowcaseTests */,
				346449EDC21B0A5D7BAE2D52 /* DVTShowcaseUITests */,
				CFD3399CDC35478F70E7EC7A /* Pods */,
				165FA7D6FC4C344A948C1E31 /* Frameworks */,
			);
			sourceTree = "<group>";
		};
		CFD3399CDC35478F70E7EC7A /* Pods */ = {
			isa = PBXGroup;
			children = (
				5911324683A68C741EEEF336 /* Pods-DVTShowcase.debug.xcconfig */,
				2E2E4355EF3CACFCEFCC453D /* Pods-DVTShowcase.release.xcconfig */,
			);
			name = Pods;
			sourceTree = "<group>";
		};
		D61E92911F7129B100B60518 /* Services */ = {
			isa = PBXGroup;
			children = (
				D61E92921F7129B800B60518 /* Firebase */,
			);
			name = Services;
			sourceTree = "<group>";
		};
		D61E92921F7129B800B60518 /* Firebase */ = {
			isa = PBXGroup;
			children = (
				D61E92931F7129D200B60518 /* FirebaseAPI.swift */,
			);
			name = Firebase;
			sourceTree = "<group>";
		};
		D61E92971F7143A600B60518 /* Login View Controllers */ = {
			isa = PBXGroup;
			children = (
				D67FFF9F1F6FD2B00063449C /* LoginViewController.swift */,
			);
			name = "Login View Controllers";
			sourceTree = "<group>";
		};
		D61E92981F7143BC00B60518 /* Home View Controllers */ = {
			isa = PBXGroup;
			children = (
				D61E929B1F71441400B60518 /* HomeViewController.swift */,
			);
			name = "Home View Controllers";
			sourceTree = "<group>";
		};
		D61E92991F7143CB00B60518 /* About View Controllers */ = {
			isa = PBXGroup;
			children = (
				D61E929D1F71442300B60518 /* AboutViewController.swift */,
			);
			name = "About View Controllers";
			sourceTree = "<group>";
		};
		D61E929A1F7143D600B60518 /* Contact View Controllers */ = {
			isa = PBXGroup;
			children = (
				D61E929F1F71443100B60518 /* ContactViewController.swift */,
			);
			name = "Contact View Controllers";
			sourceTree = "<group>";
		};
		D61E92A11F71676600B60518 /* Reusable components */ = {
			isa = PBXGroup;
			children = (
				D64395711F755D440085F3F3 /* CMMapLauncher */,
				D643956D1F755D400085F3F3 /* DVTShowcase-Bridging-Header.h */,
			);
			name = "Reusable components";
			sourceTree = "<group>";
		};
		D64395711F755D440085F3F3 /* CMMapLauncher */ = {
			isa = PBXGroup;
			children = (
				D643956E1F755D410085F3F3 /* CMMapLauncher.h */,
				D643956F1F755D410085F3F3 /* CMMapLauncher.m */,
			);
			name = CMMapLauncher;
			sourceTree = "<group>";
		};
		D64C4E851F728DA200C90F51 /* Model */ = {
			isa = PBXGroup;
			children = (
				D64C4E861F728DE500C90F51 /* DVTApp.swift */,
			);
			name = Model;
			path = ..;
			sourceTree = "<group>";
		};
		D64C4E881F72A40100C90F51 /* Custom Views */ = {
			isa = PBXGroup;
			children = (
				D64C4E891F72A42000C90F51 /* ShowcaseAppTableViewCell.swift */,
				D64C4E8A1F72A42000C90F51 /* ShowcaseAppTableViewCell.xib */,
				D64C4E8D1F753CBA00C90F51 /* ContactTableViewCell.swift */,
				D64C4E8E1F753CBA00C90F51 /* ContactTableViewCell.xib */,
				D64395761F7A52BA0085F3F3 /* AboutTableViewCell.swift */,
				D64395771F7A52BA0085F3F3 /* AboutTableViewCell.xib */,
				D643957A1F7A5A160085F3F3 /* AboutView.swift */,
				D643957C1F7A5A200085F3F3 /* AboutView.xib */,
			);
			name = "Custom Views";
			sourceTree = "<group>";
		};
		D67FFF9A1F6FD20A0063449C /* View Controllers */ = {
			isa = PBXGroup;
			children = (
				D64C4E881F72A40100C90F51 /* Custom Views */,
				D61E929A1F7143D600B60518 /* Contact View Controllers */,
				D61E92991F7143CB00B60518 /* About View Controllers */,
				D61E92981F7143BC00B60518 /* Home View Controllers */,
				D61E92971F7143A600B60518 /* Login View Controllers */,
			);
			name = "View Controllers";
			sourceTree = "<group>";
		};
		D67FFF9B1F6FD24D0063449C /* Parent Classes */ = {
			isa = PBXGroup;
			children = (
				D67FFF9C1F6FD2710063449C /* DVTShowcaseViewController.swift */,
				D61E92951F71415300B60518 /* DVTShowcaseTabController.swift */,
			);
			name = "Parent Classes";
			sourceTree = "<group>";
		};
/* End PBXGroup section */

/* Begin PBXNativeTarget section */
		3464422C3C990FB7F8E4E7AD /* DVTShowcaseUITests */ = {
			isa = PBXNativeTarget;
			buildConfigurationList = 3464404BD196CDC5EF41F414 /* Build configuration list for PBXNativeTarget "DVTShowcaseUITests" */;
			buildPhases = (
				3464405DCCFC9AF528B6E2DD /* Sources */,
				3464490AC1F5BD12D2F1F25D /* Frameworks */,
				346447D5ACC9B9F794A1E33D /* Resources */,
			);
			buildRules = (
			);
			dependencies = (
				346440FDE9D38D814813411B /* PBXTargetDependency */,
			);
			name = DVTShowcaseUITests;
			productName = DVTShowcaseUITests;
			productReference = 3464413E10AAE7FE7C727D27 /* DVTShowcaseUITests.xctest */;
			productType = "com.apple.product-type.bundle.ui-testing";
		};
		34644C55AC74B748A2C3CDEE /* DVTShowcaseTests */ = {
			isa = PBXNativeTarget;
			buildConfigurationList = 34644729B570D694D118E440 /* Build configuration list for PBXNativeTarget "DVTShowcaseTests" */;
			buildPhases = (
				346446DEE36BCDDBB209A4B1 /* Sources */,
				34644FB72ADC1775917486D1 /* Frameworks */,
				34644F80A8DF6B7917B6280E /* Resources */,
			);
			buildRules = (
			);
			dependencies = (
				3464467BCB5C21550F33604D /* PBXTargetDependency */,
			);
			name = DVTShowcaseTests;
			productName = DVTShowcaseTests;
			productReference = 34644872E9289EFD3F856ED5 /* DVTShowcaseTests.xctest */;
			productType = "com.apple.product-type.bundle.unit-test";
		};
		34644CE70F41E68F10323185 /* DVTShowcase */ = {
			isa = PBXNativeTarget;
			buildConfigurationList = 34644FB213B51585018F90AE /* Build configuration list for PBXNativeTarget "DVTShowcase" */;
			buildPhases = (
				6FFD63FB7B2BB567D22E0E39 /* [CP] Check Pods Manifest.lock */,
				34644BCC7B606D1993419B04 /* Sources */,
				346442BA3498BC52CA3D3170 /* Frameworks */,
				34644B8D45E1017CA2A82BC4 /* Resources */,
				0B2AE9E0D6605666565C552E /* [CP] Embed Pods Frameworks */,
				1E56010174DCA60F663F729A /* [CP] Copy Pods Resources */,
			);
			buildRules = (
			);
			dependencies = (
			);
			name = DVTShowcase;
			productName = DVTShowcase;
			productReference = 346443BC451C87CE509E5837 /* DVTShowcase.app */;
			productType = "com.apple.product-type.application";
		};
/* End PBXNativeTarget section */

/* Begin PBXProject section */
		34644FA7220F4EFAF722A0C8 /* Project object */ = {
			isa = PBXProject;
			attributes = {
				ORGANIZATIONNAME = DVT;
				TargetAttributes = {
					34644CE70F41E68F10323185 = {
						DevelopmentTeam = 69CVBN965U;
						LastSwiftMigration = 0830;
					};
				};
			};
			buildConfigurationList = 34644067D5B3070E7A1520D6 /* Build configuration list for PBXProject "DVTShowcase" */;
			compatibilityVersion = "Xcode 3.2";
			developmentRegion = English;
			hasScannedForEncodings = 0;
			knownRegions = (
				en,
			);
			mainGroup = 34644D8AA62E587FCE36A092;
			productRefGroup = 346446A70B45E2B7FE7C0921 /* Products */;
			projectDirPath = "";
			projectRoot = "";
			targets = (
				34644CE70F41E68F10323185 /* DVTShowcase */,
				34644C55AC74B748A2C3CDEE /* DVTShowcaseTests */,
				3464422C3C990FB7F8E4E7AD /* DVTShowcaseUITests */,
			);
		};
/* End PBXProject section */

/* Begin PBXResourcesBuildPhase section */
		346447D5ACC9B9F794A1E33D /* Resources */ = {
			isa = PBXResourcesBuildPhase;
			buildActionMask = 2147483647;
			files = (
				34644AF28C7A0CC8EF06FBF4 /* Info.plist in Resources */,
			);
			runOnlyForDeploymentPostprocessing = 0;
		};
		34644B8D45E1017CA2A82BC4 /* Resources */ = {
			isa = PBXResourcesBuildPhase;
			buildActionMask = 2147483647;
			files = (
				3464468934A8B041FABD76D0 /* Info.plist in Resources */,
				34644E7CB40618446ECCC134 /* Assets.xcassets in Resources */,
				D643957D1F7A5A200085F3F3 /* AboutView.xib in Resources */,
				D64C4E901F753CBA00C90F51 /* ContactTableViewCell.xib in Resources */,
				3464475677FFE33378AD3B08 /* LaunchScreen.storyboard in Resources */,
				3464448E8F8AC41D78838095 /* Main.storyboard in Resources */,
				D64395791F7A52BA0085F3F3 /* AboutTableViewCell.xib in Resources */,
				D64C4E8C1F72A42000C90F51 /* ShowcaseAppTableViewCell.xib in Resources */,
				D61E92901F71282500B60518 /* GoogleService-Info.plist in Resources */,
			);
			runOnlyForDeploymentPostprocessing = 0;
		};
		34644F80A8DF6B7917B6280E /* Resources */ = {
			isa = PBXResourcesBuildPhase;
			buildActionMask = 2147483647;
			files = (
				34644C9DC32D875C16C31450 /* Info.plist in Resources */,
			);
			runOnlyForDeploymentPostprocessing = 0;
		};
/* End PBXResourcesBuildPhase section */

/* Begin PBXShellScriptBuildPhase section */
		0B2AE9E0D6605666565C552E /* [CP] Embed Pods Frameworks */ = {
			isa = PBXShellScriptBuildPhase;
			buildActionMask = 2147483647;
			files = (
			);
			inputPaths = (
			);
			name = "[CP] Embed Pods Frameworks";
			outputPaths = (
			);
			runOnlyForDeploymentPostprocessing = 0;
			shellPath = /bin/sh;
			shellScript = "\"${SRCROOT}/Pods/Target Support Files/Pods-DVTShowcase/Pods-DVTShowcase-frameworks.sh\"\n";
			showEnvVarsInLog = 0;
		};
		1E56010174DCA60F663F729A /* [CP] Copy Pods Resources */ = {
			isa = PBXShellScriptBuildPhase;
			buildActionMask = 2147483647;
			files = (
			);
			inputPaths = (
			);
			name = "[CP] Copy Pods Resources";
			outputPaths = (
			);
			runOnlyForDeploymentPostprocessing = 0;
			shellPath = /bin/sh;
			shellScript = "\"${SRCROOT}/Pods/Target Support Files/Pods-DVTShowcase/Pods-DVTShowcase-resources.sh\"\n";
			showEnvVarsInLog = 0;
		};
		6FFD63FB7B2BB567D22E0E39 /* [CP] Check Pods Manifest.lock */ = {
			isa = PBXShellScriptBuildPhase;
			buildActionMask = 2147483647;
			files = (
			);
			inputPaths = (
			);
			name = "[CP] Check Pods Manifest.lock";
			outputPaths = (
			);
			runOnlyForDeploymentPostprocessing = 0;
			shellPath = /bin/sh;
			shellScript = "diff \"${PODS_PODFILE_DIR_PATH}/Podfile.lock\" \"${PODS_ROOT}/Manifest.lock\" > /dev/null\nif [ $? != 0 ] ; then\n    # print error to STDERR\n    echo \"error: The sandbox is not in sync with the Podfile.lock. Run 'pod install' or update your CocoaPods installation.\" >&2\n    exit 1\nfi\n";
			showEnvVarsInLog = 0;
		};
/* End PBXShellScriptBuildPhase section */

/* Begin PBXSourcesBuildPhase section */
		3464405DCCFC9AF528B6E2DD /* Sources */ = {
			isa = PBXSourcesBuildPhase;
			buildActionMask = 2147483647;
			files = (
				3464433F7D563613366010BC /* DVTShowcaseUITests.swift in Sources */,
			);
			runOnlyForDeploymentPostprocessing = 0;
		};
		346446DEE36BCDDBB209A4B1 /* Sources */ = {
			isa = PBXSourcesBuildPhase;
			buildActionMask = 2147483647;
			files = (
				34644BB2A27ED4BF49C3E409 /* DVTShowcaseTests.swift in Sources */,
			);
			runOnlyForDeploymentPostprocessing = 0;
		};
		34644BCC7B606D1993419B04 /* Sources */ = {
			isa = PBXSourcesBuildPhase;
			buildActionMask = 2147483647;
			files = (
				D64C4E8F1F753CBA00C90F51 /* ContactTableViewCell.swift in Sources */,
				D64395781F7A52BA0085F3F3 /* AboutTableViewCell.swift in Sources */,
				D61E92941F7129D200B60518 /* FirebaseAPI.swift in Sources */,
				D67FFFA01F6FD2B00063449C /* LoginViewController.swift in Sources */,
				D643957B1F7A5A160085F3F3 /* AboutView.swift in Sources */,
				D67FFF9D1F6FD2710063449C /* DVTShowcaseViewController.swift in Sources */,
				D64395701F755D410085F3F3 /* CMMapLauncher.m in Sources */,
				34644A8D9CFF624DF7DA8791 /* AppDelegate.swift in Sources */,
				D64C4E871F728DE500C90F51 /* DVTApp.swift in Sources */,
				D6A629F31F6FF7590070994C /* DVTShowcaseColor.swift in Sources */,
				D64C4E8B1F72A42000C90F51 /* ShowcaseAppTableViewCell.swift in Sources */,
				D61E92A01F71443100B60518 /* ContactViewController.swift in Sources */,
				D61E929C1F71441400B60518 /* HomeViewController.swift in Sources */,
				D61E929E1F71442300B60518 /* AboutViewController.swift in Sources */,
				D61E92961F71415300B60518 /* DVTShowcaseTabController.swift in Sources */,
			);
			runOnlyForDeploymentPostprocessing = 0;
		};
/* End PBXSourcesBuildPhase section */

/* Begin PBXTargetDependency section */
		346440FDE9D38D814813411B /* PBXTargetDependency */ = {
			isa = PBXTargetDependency;
			target = 34644CE70F41E68F10323185 /* DVTShowcase */;
			targetProxy = 3464496833CB9542A5BA2F13 /* PBXContainerItemProxy */;
		};
		3464467BCB5C21550F33604D /* PBXTargetDependency */ = {
			isa = PBXTargetDependency;
			target = 34644CE70F41E68F10323185 /* DVTShowcase */;
			targetProxy = 346443A398DCD45CC9A118E0 /* PBXContainerItemProxy */;
		};
/* End PBXTargetDependency section */

/* Begin PBXVariantGroup section */
		3464401EC39CE2524291565E /* LaunchScreen.storyboard */ = {
			isa = PBXVariantGroup;
			children = (
				34644BCDD3A871F97071A11C /* Base */,
			);
			name = LaunchScreen.storyboard;
			sourceTree = "<group>";
		};
		3464429DE5A3C791835A476C /* Main.storyboard */ = {
			isa = PBXVariantGroup;
			children = (
				346447B262D41C5B7BCB97F3 /* Base */,
			);
			name = Main.storyboard;
			sourceTree = "<group>";
		};
/* End PBXVariantGroup section */

/* Begin XCBuildConfiguration section */
		34644107F943C4FE2302DD1C /* Release */ = {
			isa = XCBuildConfiguration;
			buildSettings = {
				ALWAYS_SEARCH_USER_PATHS = NO;
				CLANG_ANALYZER_NONNULL = YES;
				CLANG_CXX_LANGUAGE_STANDARD = "gnu++0x";
				CLANG_CXX_LIBRARY = "libc++";
				CLANG_ENABLE_MODULES = YES;
				CLANG_ENABLE_OBJC_ARC = YES;
				CLANG_WARN_BOOL_CONVERSION = YES;
				CLANG_WARN_CONSTANT_CONVERSION = YES;
				CLANG_WARN_DIRECT_OBJC_ISA_USAGE = YES_ERROR;
				CLANG_WARN_DOCUMENTATION_COMMENTS = YES;
				CLANG_WARN_EMPTY_BODY = YES;
				CLANG_WARN_ENUM_CONVERSION = YES;
				CLANG_WARN_INFINITE_RECURSION = YES;
				CLANG_WARN_INT_CONVERSION = YES;
				CLANG_WARN_OBJC_ROOT_CLASS = YES_ERROR;
				CLANG_WARN_SUSPICIOUS_MOVE = YES;
				CLANG_WARN_UNREACHABLE_CODE = YES;
				CLANG_WARN__DUPLICATE_METHOD_MATCH = YES;
				"CODE_SIGN_IDENTITY[sdk=iphoneos*]" = "iPhone Developer";
				COPY_PHASE_STRIP = NO;
				DEBUG_INFORMATION_FORMAT = "dwarf-with-dsym";
				ENABLE_NS_ASSERTIONS = NO;
				ENABLE_STRICT_OBJC_MSGSEND = YES;
				GCC_C_LANGUAGE_STANDARD = gnu99;
				GCC_NO_COMMON_BLOCKS = YES;
				GCC_WARN_64_TO_32_BIT_CONVERSION = YES;
				GCC_WARN_ABOUT_RETURN_TYPE = YES_ERROR;
				GCC_WARN_UNDECLARED_SELECTOR = YES;
				GCC_WARN_UNINITIALIZED_AUTOS = YES_AGGRESSIVE;
				GCC_WARN_UNUSED_FUNCTION = YES;
				GCC_WARN_UNUSED_VARIABLE = YES;
				IPHONEOS_DEPLOYMENT_TARGET = 10.2;
				MTL_ENABLE_DEBUG_INFO = NO;
				SDKROOT = iphoneos;
				SWIFT_OPTIMIZATION_LEVEL = "-Owholemodule";
				TARGETED_DEVICE_FAMILY = "1,2";
				VALIDATE_PRODUCT = YES;
			};
			name = Release;
		};
		3464419E89282275723A778D /* Debug */ = {
			isa = XCBuildConfiguration;
			baseConfigurationReference = 5911324683A68C741EEEF336 /* Pods-DVTShowcase.debug.xcconfig */;
			buildSettings = {
				ASSETCATALOG_COMPILER_APPICON_NAME = AppIcon;
				CLANG_ENABLE_MODULES = YES;
				DEVELOPMENT_TEAM = 69CVBN965U;
				INFOPLIST_FILE = DVTShowcase/Info.plist;
				LD_RUNPATH_SEARCH_PATHS = "$(inherited) @executable_path/Frameworks";
				PRODUCT_BUNDLE_IDENTIFIER = za.co.dvt.DVTShowcase;
				PRODUCT_NAME = "$(TARGET_NAME)";
				SWIFT_OBJC_BRIDGING_HEADER = "DVTShowcase/DVTShowcase-Bridging-Header.h";
				SWIFT_OPTIMIZATION_LEVEL = "-Onone";
				SWIFT_VERSION = 3.0;
			};
			name = Debug;
		};
		346443319BDF059E6123F1C0 /* Debug */ = {
			isa = XCBuildConfiguration;
			buildSettings = {
				BUNDLE_LOADER = "$(BUILT_PRODUCTS_DIR)/DVTShowcase.app/DVTShowcase";
				INFOPLIST_FILE = DVTShowcaseTests/Info.plist;
				LD_RUNPATH_SEARCH_PATHS = "$(inherited) @executable_path/Frameworks @loader_path/Frameworks";
				PRODUCT_BUNDLE_IDENTIFIER = za.co.dvt.DVTShowcaseTests;
				PRODUCT_NAME = "$(TARGET_NAME)";
				SWIFT_VERSION = 3.0;
				TEST_HOST = "$(BUNDLE_LOADER)";
			};
			name = Debug;
		};
		34644476BCEC3E3F5EE82872 /* Debug */ = {
			isa = XCBuildConfiguration;
			buildSettings = {
				INFOPLIST_FILE = DVTShowcaseUITests/Info.plist;
				LD_RUNPATH_SEARCH_PATHS = "$(inherited) @executable_path/Frameworks @loader_path/Frameworks";
				PRODUCT_BUNDLE_IDENTIFIER = za.co.dvt.DVTShowcaseUITests;
				PRODUCT_NAME = "$(TARGET_NAME)";
				SWIFT_VERSION = 3.0;
				TEST_TARGET_NAME = DVTShowcase;
			};
			name = Debug;
		};
		34644B0B7CF4439D42FCAEF3 /* Release */ = {
			isa = XCBuildConfiguration;
			buildSettings = {
				BUNDLE_LOADER = "$(BUILT_PRODUCTS_DIR)/DVTShowcase.app/DVTShowcase";
				INFOPLIST_FILE = DVTShowcaseTests/Info.plist;
				LD_RUNPATH_SEARCH_PATHS = "$(inherited) @executable_path/Frameworks @loader_path/Frameworks";
				PRODUCT_BUNDLE_IDENTIFIER = za.co.dvt.DVTShowcaseTests;
				PRODUCT_NAME = "$(TARGET_NAME)";
				SWIFT_VERSION = 3.0;
				TEST_HOST = "$(BUNDLE_LOADER)";
			};
			name = Release;
		};
		34644DEB17D0BAF83AAAF056 /* Release */ = {
			isa = XCBuildConfiguration;
			baseConfigurationReference = 2E2E4355EF3CACFCEFCC453D /* Pods-DVTShowcase.release.xcconfig */;
			buildSettings = {
				ASSETCATALOG_COMPILER_APPICON_NAME = AppIcon;
				CLANG_ENABLE_MODULES = YES;
				DEVELOPMENT_TEAM = 69CVBN965U;
				INFOPLIST_FILE = DVTShowcase/Info.plist;
				LD_RUNPATH_SEARCH_PATHS = "$(inherited) @executable_path/Frameworks";
				PRODUCT_BUNDLE_IDENTIFIER = za.co.dvt.DVTShowcase;
				PRODUCT_NAME = "$(TARGET_NAME)";
				SWIFT_OBJC_BRIDGING_HEADER = "DVTShowcase/DVTShowcase-Bridging-Header.h";
				SWIFT_VERSION = 3.0;
			};
			name = Release;
		};
		34644E249F17AFD5543E167F /* Release */ = {
			isa = XCBuildConfiguration;
			buildSettings = {
				INFOPLIST_FILE = DVTShowcaseUITests/Info.plist;
				LD_RUNPATH_SEARCH_PATHS = "$(inherited) @executable_path/Frameworks @loader_path/Frameworks";
				PRODUCT_BUNDLE_IDENTIFIER = za.co.dvt.DVTShowcaseUITests;
				PRODUCT_NAME = "$(TARGET_NAME)";
				SWIFT_VERSION = 3.0;
				TEST_TARGET_NAME = DVTShowcase;
			};
			name = Release;
		};
		34644EA6F3C5789544CABEC4 /* Debug */ = {
			isa = XCBuildConfiguration;
			buildSettings = {
				ALWAYS_SEARCH_USER_PATHS = NO;
				CLANG_ANALYZER_NONNULL = YES;
				CLANG_CXX_LANGUAGE_STANDARD = "gnu++0x";
				CLANG_CXX_LIBRARY = "libc++";
				CLANG_ENABLE_MODULES = YES;
				CLANG_ENABLE_OBJC_ARC = YES;
				CLANG_WARN_BOOL_CONVERSION = YES;
				CLANG_WARN_CONSTANT_CONVERSION = YES;
				CLANG_WARN_DIRECT_OBJC_ISA_USAGE = YES_ERROR;
				CLANG_WARN_DOCUMENTATION_COMMENTS = YES;
				CLANG_WARN_EMPTY_BODY = YES;
				CLANG_WARN_ENUM_CONVERSION = YES;
				CLANG_WARN_INFINITE_RECURSION = YES;
				CLANG_WARN_INT_CONVERSION = YES;
				CLANG_WARN_OBJC_ROOT_CLASS = YES_ERROR;
				CLANG_WARN_SUSPICIOUS_MOVE = YES;
				CLANG_WARN_UNREACHABLE_CODE = YES;
				CLANG_WARN__DUPLICATE_METHOD_MATCH = YES;
				"CODE_SIGN_IDENTITY[sdk=iphoneos*]" = "iPhone Developer";
				COPY_PHASE_STRIP = NO;
				DEBUG_INFORMATION_FORMAT = dwarf;
				ENABLE_STRICT_OBJC_MSGSEND = YES;
				ENABLE_TESTABILITY = YES;
				GCC_C_LANGUAGE_STANDARD = gnu99;
				GCC_DYNAMIC_NO_PIC = NO;
				GCC_NO_COMMON_BLOCKS = YES;
				GCC_OPTIMIZATION_LEVEL = 0;
				GCC_PREPROCESSOR_DEFINITIONS = (
					"DEBUG=1",
					"$(inherited)",
				);
				GCC_WARN_64_TO_32_BIT_CONVERSION = YES;
				GCC_WARN_ABOUT_RETURN_TYPE = YES_ERROR;
				GCC_WARN_UNDECLARED_SELECTOR = YES;
				GCC_WARN_UNINITIALIZED_AUTOS = YES_AGGRESSIVE;
				GCC_WARN_UNUSED_FUNCTION = YES;
				GCC_WARN_UNUSED_VARIABLE = YES;
				IPHONEOS_DEPLOYMENT_TARGET = 10.2;
				MTL_ENABLE_DEBUG_INFO = YES;
				ONLY_ACTIVE_ARCH = YES;
				SDKROOT = iphoneos;
				SWIFT_ACTIVE_COMPILATION_CONDITIONS = DEBUG;
				SWIFT_OPTIMIZATION_LEVEL = "-Onone";
				TARGETED_DEVICE_FAMILY = "1,2";
			};
			name = Debug;
		};
/* End XCBuildConfiguration section */

/* Begin XCConfigurationList section */
		3464404BD196CDC5EF41F414 /* Build configuration list for PBXNativeTarget "DVTShowcaseUITests" */ = {
			isa = XCConfigurationList;
			buildConfigurations = (
				34644476BCEC3E3F5EE82872 /* Debug */,
				34644E249F17AFD5543E167F /* Release */,
			);
			defaultConfigurationIsVisible = 0;
			defaultConfigurationName = Release;
		};
		34644067D5B3070E7A1520D6 /* Build configuration list for PBXProject "DVTShowcase" */ = {
			isa = XCConfigurationList;
			buildConfigurations = (
				34644EA6F3C5789544CABEC4 /* Debug */,
				34644107F943C4FE2302DD1C /* Release */,
			);
			defaultConfigurationIsVisible = 0;
			defaultConfigurationName = Release;
		};
		34644729B570D694D118E440 /* Build configuration list for PBXNativeTarget "DVTShowcaseTests" */ = {
			isa = XCConfigurationList;
			buildConfigurations = (
				346443319BDF059E6123F1C0 /* Debug */,
				34644B0B7CF4439D42FCAEF3 /* Release */,
			);
			defaultConfigurationIsVisible = 0;
			defaultConfigurationName = Release;
		};
		34644FB213B51585018F90AE /* Build configuration list for PBXNativeTarget "DVTShowcase" */ = {
			isa = XCConfigurationList;
			buildConfigurations = (
				3464419E89282275723A778D /* Debug */,
				34644DEB17D0BAF83AAAF056 /* Release */,
			);
			defaultConfigurationIsVisible = 0;
			defaultConfigurationName = Release;
		};
/* End XCConfigurationList section */
	};
	rootObject = 34644FA7220F4EFAF722A0C8 /* Project object */;
}
